
Microsoft Visual Studio Solution File, Format Version 12.00
# Visual Studio 14
VisualStudioVersion = 14.0.22310.1
MinimumVisualStudioVersion = 10.0.40219.1
Project("{FAE04EC0-301F-11D3-BF4B-00C04F79EFBC}") = "NdapiAnalyzers", "NdapiAnalyzers\NdapiAnalyzers\NdapiAnalyzers.csproj", "{98ACF39A-776E-42EC-914B-D16E31B5BC4B}"
EndProject
Project("{2150E333-8FDC-42A3-9474-1A3956D46DE8}") = ".nuget", ".nuget", "{6C4A8BA4-F682-4D5C-9FC4-81C9453DD68C}"
	ProjectSection(SolutionItems) = preProject
		.nuget\packages.config = .nuget\packages.config
	EndProjectSection
EndProject
Project("{FAE04EC0-301F-11D3-BF4B-00C04F79EFBC}") = "NdapiAnalyzers.Test", "NdapiAnalyzers\NdapiAnalyzers.Test\NdapiAnalyzers.Test.csproj", "{1C14ADFE-65CB-4807-A0A6-3DDAB6123FB2}"
EndProject
Project("{FAE04EC0-301F-11D3-BF4B-00C04F79EFBC}") = "NdapiAnalyzers.Vsix", "NdapiAnalyzers\NdapiAnalyzers.Vsix\NdapiAnalyzers.Vsix.csproj", "{F51A9F4A-C2BE-436C-AF12-86E11F763003}"
EndProject
Global
	GlobalSection(SolutionConfigurationPlatforms) = preSolution
		Debug|Any CPU = Debug|Any CPU
		Release|Any CPU = Release|Any CPU
	EndGlobalSection
	GlobalSection(ProjectConfigurationPlatforms) = postSolution
		{98ACF39A-776E-42EC-914B-D16E31B5BC4B}.Debug|Any CPU.ActiveCfg = Debug|Any CPU
		{98ACF39A-776E-42EC-914B-D16E31B5BC4B}.Debug|Any CPU.Build.0 = Debug|Any CPU
		{98ACF39A-776E-42EC-914B-D16E31B5BC4B}.Release|Any CPU.ActiveCfg = Release|Any CPU
		{98ACF39A-776E-42EC-914B-D16E31B5BC4B}.Release|Any CPU.Build.0 = Release|Any CPU
		{1C14ADFE-65CB-4807-A0A6-3DDAB6123FB2}.Debug|Any CPU.ActiveCfg = Debug|Any CPU
		{1C14ADFE-65CB-4807-A0A6-3DDAB6123FB2}.Debug|Any CPU.Build.0 = Debug|Any CPU
		{1C14ADFE-65CB-4807-A0A6-3DDAB6123FB2}.Release|Any CPU.ActiveCfg = Release|Any CPU
		{1C14ADFE-65CB-4807-A0A6-3DDAB6123FB2}.Release|Any CPU.Build.0 = Release|Any CPU
		{F51A9F4A-C2BE-436C-AF12-86E11F763003}.Debug|Any CPU.ActiveCfg = Debug|Any CPU
		{F51A9F4A-C2BE-436C-AF12-86E11F763003}.Debug|Any CPU.Build.0 = Debug|Any CPU
		{F51A9F4A-C2BE-436C-AF12-86E11F763003}.Release|Any CPU.ActiveCfg = Release|Any CPU
		{F51A9F4A-C2BE-436C-AF12-86E11F763003}.Release|Any CPU.Build.0 = Release|Any CPU
	EndGlobalSection
	GlobalSection(SolutionProperties) = preSolution
		HideSolutionNode = FALSE
	EndGlobalSection
EndGlobal
